<?xml version="1.0" encoding="utf-8"?>
<Project ToolsVersion="4.0" xmlns="http://schemas.microsoft.com/developer/msbuild/2003">
  <ItemGroup>
    <ClCompile Include="Plugin.cpp" />
    <ClCompile Include="stdafx.cpp" />
    <ClCompile Include="Ai\BT\EliteDecisionMaking\EliteBehaviorTree\EBehaviorTree.cpp" />
    <ClCompile Include="Ai\Movement\SteeringBehavior.cpp" />
    <ClCompile Include="Ai\Movement\SteeringAgent.cpp" />
  </ItemGroup>
  <ItemGroup>
    <ClInclude Include="Plugin.h" />
    <ClInclude Include="stdafx.h" />
    <ClInclude Include="Ai\BT\EliteData\EBlackboard.h" />
    <ClInclude Include="Ai\BT\EliteDecisionMaking\EliteBehaviorTree\EBehaviorTree.h" />
    <ClInclude Include="Ai\BT\EliteDecisionMaking\EDecisionMaking.h" />
    <ClInclude Include="Ai\BT\Behaviors.h" />
    <ClInclude Include="Ai\Movement\SteeringBehavior.h" />
    <ClInclude Include="Ai\Movement\SteeringAgent.h" />
  </ItemGroup>
</Project>